
Microsoft Visual Studio Solution File, Format Version 12.00
# Visual Studio Version 17
VisualStudioVersion = 17.10.35122.118
MinimumVisualStudioVersion = 10.0.40219.1
Project("{9A19103F-16F7-4668-BE54-9A1E7A4F7556}") = "CsharpPlaywrith", "CsharpPlaywrith.csproj", "{B51073E0-57C4-4919-B21B-DF442BE4494A}"
EndProject
Global
	GlobalSection(SolutionConfigurationPlatforms) = preSolution
		Debug|Any CPU = Debug|Any CPU
		Release|Any CPU = Release|Any CPU
	EndGlobalSection
	GlobalSection(ProjectConfigurationPlatforms) = postSolution
		{B51073E0-57C4-4919-B21B-DF442BE4494A}.Debug|Any CPU.ActiveCfg = Debug|Any CPU
		{B51073E0-57C4-4919-B21B-DF442BE4494A}.Debug|Any CPU.Build.0 = Debug|Any CPU
		{B51073E0-57C4-4919-B21B-DF442BE4494A}.Release|Any CPU.ActiveCfg = Release|Any CPU
		{B51073E0-57C4-4919-B21B-DF442BE4494A}.Release|Any CPU.Build.0 = Release|Any CPU
	EndGlobalSection
	GlobalSection(SolutionProperties) = preSolution
		HideSolutionNode = FALSE
	EndGlobalSection
	GlobalSection(ExtensibilityGlobals) = postSolution
		SolutionGuid = {0FB28EB0-6DB1-4C3E-8EB1-971A7CDF1A7C}
	EndGlobalSection
EndGlobal
